<?xml version="1.0" encoding="utf-8"?>
<Project ToolsVersion="4.0" xmlns="http://schemas.microsoft.com/developer/msbuild/2003">
  <ItemGroup>
    <Filter Include="Source Files">
      <UniqueIdentifier>{4FC737F1-C7A5-4376-A066-2A32D752A2FF}</UniqueIdentifier>
      <Extensions>cpp;c;cc;cxx;def;odl;idl;hpj;bat;asm;asmx</Extensions>
    </Filter>
    <Filter Include="Header Files">
      <UniqueIdentifier>{93995380-89BD-4b04-88EB-625FBE52EBFB}</UniqueIdentifier>
      <Extensions>h;hh;hpp;hxx;hm;inl;inc;xsd</Extensions>
    </Filter>
    <Filter Include="Resource Files">
      <UniqueIdentifier>{67DA6AB6-F800-4c08-8B7A-83BB121AAD01}</UniqueIdentifier>
      <Extensions>rc;ico;cur;bmp;dlg;rc2;rct;bin;rgs;gif;jpg;jpeg;jpe;resx;tiff;tif;png;wav;mfcribbon-ms</Extensions>
    </Filter>
    <Filter Include="x86">
      <UniqueIdentifier>{73359e1c-3990-4724-84a3-183d6fbcba76}</UniqueIdentifier>
    </Filter>
  </ItemGroup>
  <ItemGroup>
    <ClCompile Include="colorspace-test.c">
      <Filter>Source Files</Filter>
    </ClCompile>
    <ClCompile Include="hscale_fast_bilinear.c">
      <Filter>Source Files</Filter>
    </ClCompile>
    <ClCompile Include="input.c">
      <Filter>Source Files</Filter>
    </ClCompile>
    <ClCompile Include="log2_tab.c">
      <Filter>Source Files</Filter>
    </ClCompile>
    <ClCompile Include="options.c">
      <Filter>Source Files</Filter>
    </ClCompile>
    <ClCompile Include="output.c">
      <Filter>Source Files</Filter>
    </ClCompile>
    <ClCompile Include="rgb2rgb.c">
      <Filter>Source Files</Filter>
    </ClCompile>
    <ClCompile Include="swscale.c">
      <Filter>Source Files</Filter>
    </ClCompile>
    <ClCompile Include="swscale_unscaled.c">
      <Filter>Source Files</Filter>
    </ClCompile>
    <ClCompile Include="utils.c">
      <Filter>Source Files</Filter>
    </ClCompile>
    <ClCompile Include="yuv2rgb.c">
      <Filter>Source Files</Filter>
    </ClCompile>
    <ClCompile Include="x86\hscale_fast_bilinear_simd.c">
      <Filter>x86</Filter>
    </ClCompile>
    <ClCompile Include="x86\rgb2rgb.c">
      <Filter>x86</Filter>
    </ClCompile>
    <ClCompile Include="x86\swscale.c">
      <Filter>x86</Filter>
    </ClCompile>
    <ClCompile Include="x86\yuv2rgb.c">
      <Filter>x86</Filter>
    </ClCompile>
  </ItemGroup>
  <ItemGroup>
    <None Include="libswscale.pc" />
    <None Include="libswscale.v" />
    <None Include="Makefile" />
    <None Include="x86\Makefile">
      <Filter>x86</Filter>
    </None>
  </ItemGroup>
  <ItemGroup>
    <ClInclude Include="rgb2rgb.h">
      <Filter>Header Files</Filter>
    </ClInclude>
    <ClInclude Include="swscale.h">
      <Filter>Header Files</Filter>
    </ClInclude>
    <ClInclude Include="swscale_internal.h">
      <Filter>Header Files</Filter>
    </ClInclude>
    <ClInclude Include="version.h">
      <Filter>Header Files</Filter>
    </ClInclude>
  </ItemGroup>
  <ItemGroup>
    <ResourceCompile Include="swscaleres.rc">
      <Filter>Resource Files</Filter>
    </ResourceCompile>
  </ItemGroup>
  <ItemGroup>
    <CustomBuild Include="x86\input.asm">
      <Filter>x86</Filter>
    </CustomBuild>
    <CustomBuild Include="x86\output.asm">
      <Filter>x86</Filter>
    </CustomBuild>
    <CustomBuild Include="x86\scale.asm">
      <Filter>x86</Filter>
    </CustomBuild>
  </ItemGroup>
</Project>