<?xml version="1.0" encoding="utf-8"?>
<Project ToolsVersion="4.0" xmlns="http://schemas.microsoft.com/developer/msbuild/2003">
  <ItemGroup>
    <Filter Include="Source Files">
      <UniqueIdentifier>{4FC737F1-C7A5-4376-A066-2A32D752A2FF}</UniqueIdentifier>
      <Extensions>cpp;c;cc;cxx;def;odl;idl;hpj;bat;asm;asmx</Extensions>
    </Filter>
    <Filter Include="Header Files">
      <UniqueIdentifier>{93995380-89BD-4b04-88EB-625FBE52EBFB}</UniqueIdentifier>
      <Extensions>h;hh;hpp;hxx;hm;inl;inc;xsd</Extensions>
    </Filter>
    <Filter Include="Resource Files">
      <UniqueIdentifier>{67DA6AB6-F800-4c08-8B7A-83BB121AAD01}</UniqueIdentifier>
      <Extensions>rc;ico;cur;bmp;dlg;rc2;rct;bin;rgs;gif;jpg;jpeg;jpe;resx;tiff;tif;png;wav;mfcribbon-ms</Extensions>
    </Filter>
    <Filter Include="x86">
      <UniqueIdentifier>{b6457220-a028-41a6-ac7b-3f7abee604a4}</UniqueIdentifier>
    </Filter>
  </ItemGroup>
  <ItemGroup>
    <ClCompile Include="adler32.c">
      <Filter>Source Files</Filter>
    </ClCompile>
    <ClCompile Include="aes.c">
      <Filter>Source Files</Filter>
    </ClCompile>
    <ClCompile Include="atomic.c">
      <Filter>Source Files</Filter>
    </ClCompile>
    <ClCompile Include="audio_fifo.c">
      <Filter>Source Files</Filter>
    </ClCompile>
    <ClCompile Include="avstring.c">
      <Filter>Source Files</Filter>
    </ClCompile>
    <ClCompile Include="base64.c">
      <Filter>Source Files</Filter>
    </ClCompile>
    <ClCompile Include="blowfish.c">
      <Filter>Source Files</Filter>
    </ClCompile>
    <ClCompile Include="bprint.c">
      <Filter>Source Files</Filter>
    </ClCompile>
    <ClCompile Include="buffer.c">
      <Filter>Source Files</Filter>
    </ClCompile>
    <ClCompile Include="cast5.c">
      <Filter>Source Files</Filter>
    </ClCompile>
    <ClCompile Include="channel_layout.c">
      <Filter>Source Files</Filter>
    </ClCompile>
    <ClCompile Include="cpu.c">
      <Filter>Source Files</Filter>
    </ClCompile>
    <ClCompile Include="crc.c">
      <Filter>Source Files</Filter>
    </ClCompile>
    <ClCompile Include="des.c">
      <Filter>Source Files</Filter>
    </ClCompile>
    <ClCompile Include="dict.c">
      <Filter>Source Files</Filter>
    </ClCompile>
    <ClCompile Include="display.c">
      <Filter>Source Files</Filter>
    </ClCompile>
    <ClCompile Include="downmix_info.c">
      <Filter>Source Files</Filter>
    </ClCompile>
    <ClCompile Include="error.c">
      <Filter>Source Files</Filter>
    </ClCompile>
    <ClCompile Include="eval.c">
      <Filter>Source Files</Filter>
    </ClCompile>
    <ClCompile Include="fifo.c">
      <Filter>Source Files</Filter>
    </ClCompile>
    <ClCompile Include="file.c">
      <Filter>Source Files</Filter>
    </ClCompile>
    <ClCompile Include="file_open.c">
      <Filter>Source Files</Filter>
    </ClCompile>
    <ClCompile Include="fixed_dsp.c">
      <Filter>Source Files</Filter>
    </ClCompile>
    <ClCompile Include="float_dsp.c">
      <Filter>Source Files</Filter>
    </ClCompile>
    <ClCompile Include="frame.c">
      <Filter>Source Files</Filter>
    </ClCompile>
    <ClCompile Include="hash.c">
      <Filter>Source Files</Filter>
    </ClCompile>
    <ClCompile Include="hmac.c">
      <Filter>Source Files</Filter>
    </ClCompile>
    <ClCompile Include="imgutils.c">
      <Filter>Source Files</Filter>
    </ClCompile>
    <ClCompile Include="integer.c">
      <Filter>Source Files</Filter>
    </ClCompile>
    <ClCompile Include="intmath.c">
      <Filter>Source Files</Filter>
    </ClCompile>
    <ClCompile Include="lfg.c">
      <Filter>Source Files</Filter>
    </ClCompile>
    <ClCompile Include="lls.c">
      <Filter>Source Files</Filter>
    </ClCompile>
    <ClCompile Include="log.c">
      <Filter>Source Files</Filter>
    </ClCompile>
    <ClCompile Include="log2_tab.c">
      <Filter>Source Files</Filter>
    </ClCompile>
    <ClCompile Include="lzo.c">
      <Filter>Source Files</Filter>
    </ClCompile>
    <ClCompile Include="mathematics.c">
      <Filter>Source Files</Filter>
    </ClCompile>
    <ClCompile Include="md5.c">
      <Filter>Source Files</Filter>
    </ClCompile>
    <ClCompile Include="mem.c">
      <Filter>Source Files</Filter>
    </ClCompile>
    <ClCompile Include="murmur3.c">
      <Filter>Source Files</Filter>
    </ClCompile>
    <ClCompile Include="opencl.c">
      <Filter>Source Files</Filter>
    </ClCompile>
    <ClCompile Include="opencl_internal.c">
      <Filter>Source Files</Filter>
    </ClCompile>
    <ClCompile Include="opt.c">
      <Filter>Source Files</Filter>
    </ClCompile>
    <ClCompile Include="parseutils.c">
      <Filter>Source Files</Filter>
    </ClCompile>
    <ClCompile Include="pca.c">
      <Filter>Source Files</Filter>
    </ClCompile>
    <ClCompile Include="pixdesc.c">
      <Filter>Source Files</Filter>
    </ClCompile>
    <ClCompile Include="pixelutils.c">
      <Filter>Source Files</Filter>
    </ClCompile>
    <ClCompile Include="random_seed.c">
      <Filter>Source Files</Filter>
    </ClCompile>
    <ClCompile Include="rational.c">
      <Filter>Source Files</Filter>
    </ClCompile>
    <ClCompile Include="rc4.c">
      <Filter>Source Files</Filter>
    </ClCompile>
    <ClCompile Include="ripemd.c">
      <Filter>Source Files</Filter>
    </ClCompile>
    <ClCompile Include="samplefmt.c">
      <Filter>Source Files</Filter>
    </ClCompile>
    <ClCompile Include="sha.c">
      <Filter>Source Files</Filter>
    </ClCompile>
    <ClCompile Include="sha512.c">
      <Filter>Source Files</Filter>
    </ClCompile>
    <ClCompile Include="softfloat.c">
      <Filter>Source Files</Filter>
    </ClCompile>
    <ClCompile Include="stereo3d.c">
      <Filter>Source Files</Filter>
    </ClCompile>
    <ClCompile Include="threadmessage.c">
      <Filter>Source Files</Filter>
    </ClCompile>
    <ClCompile Include="time.c">
      <Filter>Source Files</Filter>
    </ClCompile>
    <ClCompile Include="timecode.c">
      <Filter>Source Files</Filter>
    </ClCompile>
    <ClCompile Include="tree.c">
      <Filter>Source Files</Filter>
    </ClCompile>
    <ClCompile Include="utf8.c">
      <Filter>Source Files</Filter>
    </ClCompile>
    <ClCompile Include="utils.c">
      <Filter>Source Files</Filter>
    </ClCompile>
    <ClCompile Include="xga_font_data.c">
      <Filter>Source Files</Filter>
    </ClCompile>
    <ClCompile Include="xtea.c">
      <Filter>Source Files</Filter>
    </ClCompile>
    <ClCompile Include="x86\float_dsp_init.c">
      <Filter>x86</Filter>
    </ClCompile>
    <ClCompile Include="x86\lls_init.c">
      <Filter>x86</Filter>
    </ClCompile>
    <ClCompile Include="x86\pixelutils_init.c">
      <Filter>x86</Filter>
    </ClCompile>
    <ClCompile Include="x86\cpu.c">
      <Filter>x86</Filter>
    </ClCompile>
  </ItemGroup>
  <ItemGroup>
    <ClInclude Include="adler32.h">
      <Filter>Header Files</Filter>
    </ClInclude>
    <ClInclude Include="aes.h">
      <Filter>Header Files</Filter>
    </ClInclude>
    <ClInclude Include="atomic.h">
      <Filter>Header Files</Filter>
    </ClInclude>
    <ClInclude Include="atomic_gcc.h">
      <Filter>Header Files</Filter>
    </ClInclude>
    <ClInclude Include="atomic_suncc.h">
      <Filter>Header Files</Filter>
    </ClInclude>
    <ClInclude Include="atomic_win32.h">
      <Filter>Header Files</Filter>
    </ClInclude>
    <ClInclude Include="attributes.h">
      <Filter>Header Files</Filter>
    </ClInclude>
    <ClInclude Include="audio_fifo.h">
      <Filter>Header Files</Filter>
    </ClInclude>
    <ClInclude Include="audioconvert.h">
      <Filter>Header Files</Filter>
    </ClInclude>
    <ClInclude Include="avassert.h">
      <Filter>Header Files</Filter>
    </ClInclude>
    <ClInclude Include="avconfig.h">
      <Filter>Header Files</Filter>
    </ClInclude>
    <ClInclude Include="avstring.h">
      <Filter>Header Files</Filter>
    </ClInclude>
    <ClInclude Include="avutil.h">
      <Filter>Header Files</Filter>
    </ClInclude>
    <ClInclude Include="base64.h">
      <Filter>Header Files</Filter>
    </ClInclude>
    <ClInclude Include="blowfish.h">
      <Filter>Header Files</Filter>
    </ClInclude>
    <ClInclude Include="bprint.h">
      <Filter>Header Files</Filter>
    </ClInclude>
    <ClInclude Include="bswap.h">
      <Filter>Header Files</Filter>
    </ClInclude>
    <ClInclude Include="buffer.h">
      <Filter>Header Files</Filter>
    </ClInclude>
    <ClInclude Include="buffer_internal.h">
      <Filter>Header Files</Filter>
    </ClInclude>
    <ClInclude Include="cast5.h">
      <Filter>Header Files</Filter>
    </ClInclude>
    <ClInclude Include="channel_layout.h">
      <Filter>Header Files</Filter>
    </ClInclude>
    <ClInclude Include="colorspace.h">
      <Filter>Header Files</Filter>
    </ClInclude>
    <ClInclude Include="common.h">
      <Filter>Header Files</Filter>
    </ClInclude>
    <ClInclude Include="cpu.h">
      <Filter>Header Files</Filter>
    </ClInclude>
    <ClInclude Include="cpu_internal.h">
      <Filter>Header Files</Filter>
    </ClInclude>
    <ClInclude Include="crc.h">
      <Filter>Header Files</Filter>
    </ClInclude>
    <ClInclude Include="des.h">
      <Filter>Header Files</Filter>
    </ClInclude>
    <ClInclude Include="dict.h">
      <Filter>Header Files</Filter>
    </ClInclude>
    <ClInclude Include="display.h">
      <Filter>Header Files</Filter>
    </ClInclude>
    <ClInclude Include="downmix_info.h">
      <Filter>Header Files</Filter>
    </ClInclude>
    <ClInclude Include="dynarray.h">
      <Filter>Header Files</Filter>
    </ClInclude>
    <ClInclude Include="error.h">
      <Filter>Header Files</Filter>
    </ClInclude>
    <ClInclude Include="eval.h">
      <Filter>Header Files</Filter>
    </ClInclude>
    <ClInclude Include="ffversion.h">
      <Filter>Header Files</Filter>
    </ClInclude>
    <ClInclude Include="fifo.h">
      <Filter>Header Files</Filter>
    </ClInclude>
    <ClInclude Include="file.h">
      <Filter>Header Files</Filter>
    </ClInclude>
    <ClInclude Include="fixed_dsp.h">
      <Filter>Header Files</Filter>
    </ClInclude>
    <ClInclude Include="float_dsp.h">
      <Filter>Header Files</Filter>
    </ClInclude>
    <ClInclude Include="frame.h">
      <Filter>Header Files</Filter>
    </ClInclude>
    <ClInclude Include="hash.h">
      <Filter>Header Files</Filter>
    </ClInclude>
    <ClInclude Include="hmac.h">
      <Filter>Header Files</Filter>
    </ClInclude>
    <ClInclude Include="imgutils.h">
      <Filter>Header Files</Filter>
    </ClInclude>
    <ClInclude Include="integer.h">
      <Filter>Header Files</Filter>
    </ClInclude>
    <ClInclude Include="internal.h">
      <Filter>Header Files</Filter>
    </ClInclude>
    <ClInclude Include="intfloat.h">
      <Filter>Header Files</Filter>
    </ClInclude>
    <ClInclude Include="intmath.h">
      <Filter>Header Files</Filter>
    </ClInclude>
    <ClInclude Include="intreadwrite.h">
      <Filter>Header Files</Filter>
    </ClInclude>
    <ClInclude Include="lfg.h">
      <Filter>Header Files</Filter>
    </ClInclude>
    <ClInclude Include="libm.h">
      <Filter>Header Files</Filter>
    </ClInclude>
    <ClInclude Include="lls.h">
      <Filter>Header Files</Filter>
    </ClInclude>
    <ClInclude Include="log.h">
      <Filter>Header Files</Filter>
    </ClInclude>
    <ClInclude Include="lzo.h">
      <Filter>Header Files</Filter>
    </ClInclude>
    <ClInclude Include="macros.h">
      <Filter>Header Files</Filter>
    </ClInclude>
    <ClInclude Include="mathematics.h">
      <Filter>Header Files</Filter>
    </ClInclude>
    <ClInclude Include="md5.h">
      <Filter>Header Files</Filter>
    </ClInclude>
    <ClInclude Include="mem.h">
      <Filter>Header Files</Filter>
    </ClInclude>
    <ClInclude Include="motion_vector.h">
      <Filter>Header Files</Filter>
    </ClInclude>
    <ClInclude Include="murmur3.h">
      <Filter>Header Files</Filter>
    </ClInclude>
    <ClInclude Include="old_pix_fmts.h">
      <Filter>Header Files</Filter>
    </ClInclude>
    <ClInclude Include="opencl.h">
      <Filter>Header Files</Filter>
    </ClInclude>
    <ClInclude Include="opencl_internal.h">
      <Filter>Header Files</Filter>
    </ClInclude>
    <ClInclude Include="opt.h">
      <Filter>Header Files</Filter>
    </ClInclude>
    <ClInclude Include="parseutils.h">
      <Filter>Header Files</Filter>
    </ClInclude>
    <ClInclude Include="pca.h">
      <Filter>Header Files</Filter>
    </ClInclude>
    <ClInclude Include="pixdesc.h">
      <Filter>Header Files</Filter>
    </ClInclude>
    <ClInclude Include="pixelutils.h">
      <Filter>Header Files</Filter>
    </ClInclude>
    <ClInclude Include="pixfmt.h">
      <Filter>Header Files</Filter>
    </ClInclude>
    <ClInclude Include="qsort.h">
      <Filter>Header Files</Filter>
    </ClInclude>
    <ClInclude Include="random_seed.h">
      <Filter>Header Files</Filter>
    </ClInclude>
    <ClInclude Include="rational.h">
      <Filter>Header Files</Filter>
    </ClInclude>
    <ClInclude Include="rc4.h">
      <Filter>Header Files</Filter>
    </ClInclude>
    <ClInclude Include="replaygain.h">
      <Filter>Header Files</Filter>
    </ClInclude>
    <ClInclude Include="ripemd.h">
      <Filter>Header Files</Filter>
    </ClInclude>
    <ClInclude Include="samplefmt.h">
      <Filter>Header Files</Filter>
    </ClInclude>
    <ClInclude Include="sha.h">
      <Filter>Header Files</Filter>
    </ClInclude>
    <ClInclude Include="sha512.h">
      <Filter>Header Files</Filter>
    </ClInclude>
    <ClInclude Include="softfloat.h">
      <Filter>Header Files</Filter>
    </ClInclude>
    <ClInclude Include="stereo3d.h">
      <Filter>Header Files</Filter>
    </ClInclude>
    <ClInclude Include="thread.h">
      <Filter>Header Files</Filter>
    </ClInclude>
    <ClInclude Include="threadmessage.h">
      <Filter>Header Files</Filter>
    </ClInclude>
    <ClInclude Include="time.h">
      <Filter>Header Files</Filter>
    </ClInclude>
    <ClInclude Include="time_internal.h">
      <Filter>Header Files</Filter>
    </ClInclude>
    <ClInclude Include="timecode.h">
      <Filter>Header Files</Filter>
    </ClInclude>
    <ClInclude Include="timer.h">
      <Filter>Header Files</Filter>
    </ClInclude>
    <ClInclude Include="timestamp.h">
      <Filter>Header Files</Filter>
    </ClInclude>
    <ClInclude Include="tree.h">
      <Filter>Header Files</Filter>
    </ClInclude>
    <ClInclude Include="version.h">
      <Filter>Header Files</Filter>
    </ClInclude>
    <ClInclude Include="wchar_filename.h">
      <Filter>Header Files</Filter>
    </ClInclude>
    <ClInclude Include="x86_cpu.h">
      <Filter>Header Files</Filter>
    </ClInclude>
    <ClInclude Include="xga_font_data.h">
      <Filter>Header Files</Filter>
    </ClInclude>
    <ClInclude Include="xtea.h">
      <Filter>Header Files</Filter>
    </ClInclude>
    <ClInclude Include="x86\asm.h">
      <Filter>x86</Filter>
    </ClInclude>
    <ClInclude Include="x86\bswap.h">
      <Filter>x86</Filter>
    </ClInclude>
    <ClInclude Include="x86\cpu.h">
      <Filter>x86</Filter>
    </ClInclude>
    <ClInclude Include="x86\emms.h">
      <Filter>x86</Filter>
    </ClInclude>
    <ClInclude Include="x86\intreadwrite.h">
      <Filter>x86</Filter>
    </ClInclude>
    <ClInclude Include="x86\pixelutils.h">
      <Filter>x86</Filter>
    </ClInclude>
    <ClInclude Include="x86\timer.h">
      <Filter>x86</Filter>
    </ClInclude>
    <ClInclude Include="x86\w64xmmtest.h">
      <Filter>x86</Filter>
    </ClInclude>
  </ItemGroup>
  <ItemGroup>
    <ResourceCompile Include="avutilres.rc">
      <Filter>Resource Files</Filter>
    </ResourceCompile>
  </ItemGroup>
  <ItemGroup>
    <None Include="libavutil.pc" />
    <None Include="libavutil.v" />
    <None Include="Makefile" />
    <None Include="x86\Makefile">
      <Filter>x86</Filter>
    </None>
    <None Include="x86\x86inc.asm">
      <Filter>x86</Filter>
    </None>
    <None Include="x86\x86util.asm">
      <Filter>x86</Filter>
    </None>
  </ItemGroup>
  <ItemGroup>
    <CustomBuild Include="x86\cpuid.asm">
      <Filter>x86</Filter>
    </CustomBuild>
    <CustomBuild Include="x86\emms.asm">
      <Filter>x86</Filter>
    </CustomBuild>
    <CustomBuild Include="x86\float_dsp.asm">
      <Filter>x86</Filter>
    </CustomBuild>
    <CustomBuild Include="x86\lls.asm">
      <Filter>x86</Filter>
    </CustomBuild>
    <CustomBuild Include="x86\pixelutils.asm">
      <Filter>x86</Filter>
    </CustomBuild>
  </ItemGroup>
</Project>